
Microsoft Visual Studio Solution File, Format Version 12.00
# Visual Studio Version 17
VisualStudioVersion = 17.13.35919.96 d17.13
MinimumVisualStudioVersion = 10.0.40219.1
Project("{FAE04EC0-301F-11D3-BF4B-00C04F79EFBC}") = "GameDataParser", "GameDataParser\GameDataParser.csproj", "{464F0D51-989D-4D02-9365-7217A5E349C3}"
EndProject
Global
	GlobalSection(SolutionConfigurationPlatforms) = preSolution
		Debug|Any CPU = Debug|Any CPU
		Release|Any CPU = Release|Any CPU
	EndGlobalSection
	GlobalSection(ProjectConfigurationPlatforms) = postSolution
		{464F0D51-989D-4D02-9365-7217A5E349C3}.Debug|Any CPU.ActiveCfg = Debug|Any CPU
		{464F0D51-989D-4D02-9365-7217A5E349C3}.Debug|Any CPU.Build.0 = Debug|Any CPU
		{464F0D51-989D-4D02-9365-7217A5E349C3}.Release|Any CPU.ActiveCfg = Release|Any CPU
		{464F0D51-989D-4D02-9365-7217A5E349C3}.Release|Any CPU.Build.0 = Release|Any CPU
	EndGlobalSection
	GlobalSection(SolutionProperties) = preSolution
		HideSolutionNode = FALSE
	EndGlobalSection
	GlobalSection(ExtensibilityGlobals) = postSolution
		SolutionGuid = {4AFF330D-6105-49B8-8CDB-D30BCBC3C0D7}
	EndGlobalSection
EndGlobal
